
Microsoft Visual Studio Solution File, Format Version 12.00
# Visual Studio 14
VisualStudioVersion = 14.0.25420.1
MinimumVisualStudioVersion = 10.0.40219.1
Project("{FAE04EC0-301F-11D3-BF4B-00C04F79EFBC}") = "Dewei.UI", "Dewei.UI\Dewei.UI.csproj", "{F936A362-E8AE-4E5E-8110-E4AF51000626}"
EndProject
Project("{FAE04EC0-301F-11D3-BF4B-00C04F79EFBC}") = "Dewei.UI.Tests", "Dewei.UI.Tests\Dewei.UI.Tests.csproj", "{28483B19-6F9B-4458-91B2-93AEA15DD831}"
EndProject
Project("{2150E333-8FDC-42A3-9474-1A3956D46DE8}") = "Model", "Model", "{69C7BC23-30AB-491A-8152-2E1FE7AE7319}"
EndProject
Project("{FAE04EC0-301F-11D3-BF4B-00C04F79EFBC}") = "Dewei.Model", "Dewei.Model\Dewei.Model.csproj", "{0B6E7417-85A3-4997-9E60-AB0A4F080891}"
EndProject
Project("{2150E333-8FDC-42A3-9474-1A3956D46DE8}") = "DAL", "DAL", "{51C7500C-13B6-4AD7-9208-5E0496152D98}"
EndProject
Project("{FAE04EC0-301F-11D3-BF4B-00C04F79EFBC}") = "Dewei.EFDAL", "Dewei.EFDAL\Dewei.EFDAL.csproj", "{5A197178-DD62-4453-ADF9-1C3175FED87A}"
EndProject
Project("{FAE04EC0-301F-11D3-BF4B-00C04F79EFBC}") = "Dewei.DALFactory", "Dewei.DALFactory\Dewei.DALFactory.csproj", "{1AF482C8-3D79-4B7D-9D3C-1D6CD70D167E}"
EndProject
Project("{FAE04EC0-301F-11D3-BF4B-00C04F79EFBC}") = "Dewei.IDAL", "Dewei.IDAL\Dewei.IDAL.csproj", "{F7D6EDB9-A66C-47F8-9F81-69E77B06461B}"
EndProject
Project("{2150E333-8FDC-42A3-9474-1A3956D46DE8}") = "BLL", "BLL", "{BF927052-5C65-4934-BD5B-AEA79C6E4CFE}"
EndProject
Project("{FAE04EC0-301F-11D3-BF4B-00C04F79EFBC}") = "Dewei.BLL", "Dewei.BLL\Dewei.BLL.csproj", "{8A75D3B8-244C-4120-9B20-50C4CE4B0B34}"
EndProject
Project("{FAE04EC0-301F-11D3-BF4B-00C04F79EFBC}") = "Dewei.IBLL", "Dewei.IBLL\Dewei.IBLL.csproj", "{C821DD95-EE1F-4545-BAE5-7F08D446569A}"
EndProject
Global
	GlobalSection(SolutionConfigurationPlatforms) = preSolution
		Debug|Any CPU = Debug|Any CPU
		Release|Any CPU = Release|Any CPU
	EndGlobalSection
	GlobalSection(ProjectConfigurationPlatforms) = postSolution
		{F936A362-E8AE-4E5E-8110-E4AF51000626}.Debug|Any CPU.ActiveCfg = Debug|Any CPU
		{F936A362-E8AE-4E5E-8110-E4AF51000626}.Debug|Any CPU.Build.0 = Debug|Any CPU
		{F936A362-E8AE-4E5E-8110-E4AF51000626}.Release|Any CPU.ActiveCfg = Release|Any CPU
		{F936A362-E8AE-4E5E-8110-E4AF51000626}.Release|Any CPU.Build.0 = Release|Any CPU
		{28483B19-6F9B-4458-91B2-93AEA15DD831}.Debug|Any CPU.ActiveCfg = Debug|Any CPU
		{28483B19-6F9B-4458-91B2-93AEA15DD831}.Debug|Any CPU.Build.0 = Debug|Any CPU
		{28483B19-6F9B-4458-91B2-93AEA15DD831}.Release|Any CPU.ActiveCfg = Release|Any CPU
		{28483B19-6F9B-4458-91B2-93AEA15DD831}.Release|Any CPU.Build.0 = Release|Any CPU
		{0B6E7417-85A3-4997-9E60-AB0A4F080891}.Debug|Any CPU.ActiveCfg = Debug|Any CPU
		{0B6E7417-85A3-4997-9E60-AB0A4F080891}.Debug|Any CPU.Build.0 = Debug|Any CPU
		{0B6E7417-85A3-4997-9E60-AB0A4F080891}.Release|Any CPU.ActiveCfg = Release|Any CPU
		{0B6E7417-85A3-4997-9E60-AB0A4F080891}.Release|Any CPU.Build.0 = Release|Any CPU
		{5A197178-DD62-4453-ADF9-1C3175FED87A}.Debug|Any CPU.ActiveCfg = Debug|Any CPU
		{5A197178-DD62-4453-ADF9-1C3175FED87A}.Debug|Any CPU.Build.0 = Debug|Any CPU
		{5A197178-DD62-4453-ADF9-1C3175FED87A}.Release|Any CPU.ActiveCfg = Release|Any CPU
		{5A197178-DD62-4453-ADF9-1C3175FED87A}.Release|Any CPU.Build.0 = Release|Any CPU
		{1AF482C8-3D79-4B7D-9D3C-1D6CD70D167E}.Debug|Any CPU.ActiveCfg = Debug|Any CPU
		{1AF482C8-3D79-4B7D-9D3C-1D6CD70D167E}.Debug|Any CPU.Build.0 = Debug|Any CPU
		{1AF482C8-3D79-4B7D-9D3C-1D6CD70D167E}.Release|Any CPU.ActiveCfg = Release|Any CPU
		{1AF482C8-3D79-4B7D-9D3C-1D6CD70D167E}.Release|Any CPU.Build.0 = Release|Any CPU
		{F7D6EDB9-A66C-47F8-9F81-69E77B06461B}.Debug|Any CPU.ActiveCfg = Debug|Any CPU
		{F7D6EDB9-A66C-47F8-9F81-69E77B06461B}.Debug|Any CPU.Build.0 = Debug|Any CPU
		{F7D6EDB9-A66C-47F8-9F81-69E77B06461B}.Release|Any CPU.ActiveCfg = Release|Any CPU
		{F7D6EDB9-A66C-47F8-9F81-69E77B06461B}.Release|Any CPU.Build.0 = Release|Any CPU
		{8A75D3B8-244C-4120-9B20-50C4CE4B0B34}.Debug|Any CPU.ActiveCfg = Debug|Any CPU
		{8A75D3B8-244C-4120-9B20-50C4CE4B0B34}.Debug|Any CPU.Build.0 = Debug|Any CPU
		{8A75D3B8-244C-4120-9B20-50C4CE4B0B34}.Release|Any CPU.ActiveCfg = Release|Any CPU
		{8A75D3B8-244C-4120-9B20-50C4CE4B0B34}.Release|Any CPU.Build.0 = Release|Any CPU
		{C821DD95-EE1F-4545-BAE5-7F08D446569A}.Debug|Any CPU.ActiveCfg = Debug|Any CPU
		{C821DD95-EE1F-4545-BAE5-7F08D446569A}.Debug|Any CPU.Build.0 = Debug|Any CPU
		{C821DD95-EE1F-4545-BAE5-7F08D446569A}.Release|Any CPU.ActiveCfg = Release|Any CPU
		{C821DD95-EE1F-4545-BAE5-7F08D446569A}.Release|Any CPU.Build.0 = Release|Any CPU
	EndGlobalSection
	GlobalSection(SolutionProperties) = preSolution
		HideSolutionNode = FALSE
	EndGlobalSection
	GlobalSection(NestedProjects) = preSolution
		{0B6E7417-85A3-4997-9E60-AB0A4F080891} = {69C7BC23-30AB-491A-8152-2E1FE7AE7319}
		{5A197178-DD62-4453-ADF9-1C3175FED87A} = {51C7500C-13B6-4AD7-9208-5E0496152D98}
		{1AF482C8-3D79-4B7D-9D3C-1D6CD70D167E} = {51C7500C-13B6-4AD7-9208-5E0496152D98}
		{F7D6EDB9-A66C-47F8-9F81-69E77B06461B} = {51C7500C-13B6-4AD7-9208-5E0496152D98}
		{8A75D3B8-244C-4120-9B20-50C4CE4B0B34} = {BF927052-5C65-4934-BD5B-AEA79C6E4CFE}
		{C821DD95-EE1F-4545-BAE5-7F08D446569A} = {BF927052-5C65-4934-BD5B-AEA79C6E4CFE}
	EndGlobalSection
EndGlobal
